
Microsoft Visual Studio Solution File, Format Version 12.00
# Visual Studio 15
VisualStudioVersion = 15.0.26730.15
MinimumVisualStudioVersion = 10.0.40219.1
Project("{FAE04EC0-301F-11D3-BF4B-00C04F79EFBC}") = "Cart_CleanCodePractices", "Cart_CleanCodePractices\Cart_CleanCodePractices.csproj", "{F70B686D-DEF0-4F03-A641-3658024C23E6}"
EndProject
Project("{FAE04EC0-301F-11D3-BF4B-00C04F79EFBC}") = "Cart_CleanCodePractices.Tests", "Cart_CleanCodePractices.Tests\Cart_CleanCodePractices.Tests.csproj", "{47F25A18-0DC0-4599-AA12-3EBFD71DE1D1}"
EndProject
Global
	GlobalSection(SolutionConfigurationPlatforms) = preSolution
		Debug|Any CPU = Debug|Any CPU
		Release|Any CPU = Release|Any CPU
	EndGlobalSection
	GlobalSection(ProjectConfigurationPlatforms) = postSolution
		{F70B686D-DEF0-4F03-A641-3658024C23E6}.Debug|Any CPU.ActiveCfg = Debug|Any CPU
		{F70B686D-DEF0-4F03-A641-3658024C23E6}.Debug|Any CPU.Build.0 = Debug|Any CPU
		{F70B686D-DEF0-4F03-A641-3658024C23E6}.Release|Any CPU.ActiveCfg = Release|Any CPU
		{F70B686D-DEF0-4F03-A641-3658024C23E6}.Release|Any CPU.Build.0 = Release|Any CPU
		{47F25A18-0DC0-4599-AA12-3EBFD71DE1D1}.Debug|Any CPU.ActiveCfg = Debug|Any CPU
		{47F25A18-0DC0-4599-AA12-3EBFD71DE1D1}.Debug|Any CPU.Build.0 = Debug|Any CPU
		{47F25A18-0DC0-4599-AA12-3EBFD71DE1D1}.Release|Any CPU.ActiveCfg = Release|Any CPU
		{47F25A18-0DC0-4599-AA12-3EBFD71DE1D1}.Release|Any CPU.Build.0 = Release|Any CPU
	EndGlobalSection
	GlobalSection(SolutionProperties) = preSolution
		HideSolutionNode = FALSE
	EndGlobalSection
	GlobalSection(ExtensibilityGlobals) = postSolution
		SolutionGuid = {F976E146-88BE-480F-844C-096BAD9FAD7B}
	EndGlobalSection
EndGlobal
